
Microsoft Visual Studio Solution File, Format Version 12.00
# Visual Studio 2012
Project("{FAE04EC0-301F-11D3-BF4B-00C04F79EFBC}") = "WebPages", "WebPages\WebPages.csproj", "{0A10F553-1307-4DB9-9232-BB2163BC6F07}"
EndProject
Project("{FAE04EC0-301F-11D3-BF4B-00C04F79EFBC}") = "N_Bers.Business", "Wonder4.Business\N_Bers.Business.csproj", "{2F486268-99D1-4EB4-8617-F608BDBB28A9}"
EndProject
Global
	GlobalSection(SolutionConfigurationPlatforms) = preSolution
		Debug|Any CPU = Debug|Any CPU
		Release|Any CPU = Release|Any CPU
	EndGlobalSection
	GlobalSection(ProjectConfigurationPlatforms) = postSolution
		{0A10F553-1307-4DB9-9232-BB2163BC6F07}.Debug|Any CPU.ActiveCfg = Debug|Any CPU
		{0A10F553-1307-4DB9-9232-BB2163BC6F07}.Debug|Any CPU.Build.0 = Debug|Any CPU
		{0A10F553-1307-4DB9-9232-BB2163BC6F07}.Release|Any CPU.ActiveCfg = Release|Any CPU
		{0A10F553-1307-4DB9-9232-BB2163BC6F07}.Release|Any CPU.Build.0 = Release|Any CPU
		{2F486268-99D1-4EB4-8617-F608BDBB28A9}.Debug|Any CPU.ActiveCfg = Debug|Any CPU
		{2F486268-99D1-4EB4-8617-F608BDBB28A9}.Debug|Any CPU.Build.0 = Debug|Any CPU
		{2F486268-99D1-4EB4-8617-F608BDBB28A9}.Release|Any CPU.ActiveCfg = Release|Any CPU
		{2F486268-99D1-4EB4-8617-F608BDBB28A9}.Release|Any CPU.Build.0 = Release|Any CPU
	EndGlobalSection
	GlobalSection(SolutionProperties) = preSolution
		HideSolutionNode = FALSE
	EndGlobalSection
	GlobalSection(Performance) = preSolution
		HasPerformanceSessions = true
	EndGlobalSection
EndGlobal
